
Microsoft Visual Studio Solution File, Format Version 12.00
# Visual Studio Version 17
VisualStudioVersion = 17.9.34728.123
MinimumVisualStudioVersion = 10.0.40219.1
Project("{9A19103F-16F7-4668-BE54-9A1E7A4F7556}") = "cental_server", "cental_server.csproj", "{CBDFC5BA-C079-4890-8395-6E53E5B482C8}"
EndProject
Global
	GlobalSection(SolutionConfigurationPlatforms) = preSolution
		Debug|Any CPU = Debug|Any CPU
		Release|Any CPU = Release|Any CPU
	EndGlobalSection
	GlobalSection(ProjectConfigurationPlatforms) = postSolution
		{CBDFC5BA-C079-4890-8395-6E53E5B482C8}.Debug|Any CPU.ActiveCfg = Debug|Any CPU
		{CBDFC5BA-C079-4890-8395-6E53E5B482C8}.Debug|Any CPU.Build.0 = Debug|Any CPU
		{CBDFC5BA-C079-4890-8395-6E53E5B482C8}.Release|Any CPU.ActiveCfg = Release|Any CPU
		{CBDFC5BA-C079-4890-8395-6E53E5B482C8}.Release|Any CPU.Build.0 = Release|Any CPU
	EndGlobalSection
	GlobalSection(SolutionProperties) = preSolution
		HideSolutionNode = FALSE
	EndGlobalSection
	GlobalSection(ExtensibilityGlobals) = postSolution
		SolutionGuid = {E219EFD8-31F3-4B68-860C-6D370CDB747D}
	EndGlobalSection
EndGlobal
